# THIS IS AN AUTOGENERATED FILE. DO NOT EDIT THIS FILE DIRECTLY.
# yarn lockfile v1


"@prisma/client@^5.13.0":
  version "5.13.0"
  resolved "https://registry.yarnpkg.com/@prisma/client/-/client-5.13.0.tgz#b9f1d0983d714e982675201d8222a9ecb4bdad4a"
  integrity sha512-uYdfpPncbZ/syJyiYBwGZS8Gt1PTNoErNYMuqHDa2r30rNSFtgTA/LXsSk55R7pdRTMi5pHkeP9B14K6nHmwkg==

"@prisma/debug@5.13.0":
  version "5.13.0"
  resolved "https://registry.yarnpkg.com/@prisma/debug/-/debug-5.13.0.tgz#d88b0f6fafa0c216e20e284ed9fc30f1cbe45786"
  integrity sha512-699iqlEvzyCj9ETrXhs8o8wQc/eVW+FigSsHpiskSFydhjVuwTJEfj/nIYqTaWFYuxiWQRfm3r01meuW97SZaQ==

"@prisma/engines-version@5.13.0-23.b9a39a7ee606c28e3455d0fd60e78c3ba82b1a2b":
  version "5.13.0-23.b9a39a7ee606c28e3455d0fd60e78c3ba82b1a2b"
  resolved "https://registry.yarnpkg.com/@prisma/engines-version/-/engines-version-5.13.0-23.b9a39a7ee606c28e3455d0fd60e78c3ba82b1a2b.tgz#a72a4fb83ba1fd01ad45f795aa55168f60d34723"
  integrity sha512-AyUuhahTINGn8auyqYdmxsN+qn0mw3eg+uhkp8zwknXYIqoT3bChG4RqNY/nfDkPvzWAPBa9mrDyBeOnWSgO6A==

"@prisma/engines@5.13.0":
  version "5.13.0"
  resolved "https://registry.yarnpkg.com/@prisma/engines/-/engines-5.13.0.tgz#8994ebf7b4e35aee7746a8465ec22738379bcab6"
  integrity sha512-hIFLm4H1boj6CBZx55P4xKby9jgDTeDG0Jj3iXtwaaHmlD5JmiDkZhh8+DYWkTGchu+rRF36AVROLnk0oaqhHw==
  dependencies:
    "@prisma/debug" "5.13.0"
    "@prisma/engines-version" "5.13.0-23.b9a39a7ee606c28e3455d0fd60e78c3ba82b1a2b"
    "@prisma/fetch-engine" "5.13.0"
    "@prisma/get-platform" "5.13.0"

"@prisma/fetch-engine@5.13.0":
  version "5.13.0"
  resolved "https://registry.yarnpkg.com/@prisma/fetch-engine/-/fetch-engine-5.13.0.tgz#9b6945c7b38bb59e840f8905b20ea7a3d059ca55"
  integrity sha512-Yh4W+t6YKyqgcSEB3odBXt7QyVSm0OQlBSldQF2SNXtmOgMX8D7PF/fvH6E6qBCpjB/yeJLy/FfwfFijoHI6sA==
  dependencies:
    "@prisma/debug" "5.13.0"
    "@prisma/engines-version" "5.13.0-23.b9a39a7ee606c28e3455d0fd60e78c3ba82b1a2b"
    "@prisma/get-platform" "5.13.0"

"@prisma/get-platform@5.13.0":
  version "5.13.0"
  resolved "https://registry.yarnpkg.com/@prisma/get-platform/-/get-platform-5.13.0.tgz#99ef909a52b9d79b64d72d2d3d8210c4892b6572"
  integrity sha512-B/WrQwYTzwr7qCLifQzYOmQhZcFmIFhR81xC45gweInSUn2hTEbfKUPd2keAog+y5WI5xLAFNJ3wkXplvSVkSw==
  dependencies:
    "@prisma/debug" "5.13.0"

prisma@^5.13.0:
  version "5.13.0"
  resolved "https://registry.yarnpkg.com/prisma/-/prisma-5.13.0.tgz#1f06e20ccfb6038ad68869e6eacd3b346f9d0851"
  integrity sha512-kGtcJaElNRAdAGsCNykFSZ7dBKpL14Cbs+VaQ8cECxQlRPDjBlMHNFYeYt0SKovAVy2Y65JXQwB3A5+zIQwnTg==
  dependencies:
    "@prisma/engines" "5.13.0"
